
Microsoft Visual Studio Solution File, Format Version 12.00
# Visual Studio 2013
VisualStudioVersion = 12.0.31101.0
MinimumVisualStudioVersion = 10.0.40219.1
Project("{FAE04EC0-301F-11D3-BF4B-00C04F79EFBC}") = "Generic", "Generic\Generic.csproj", "{406F9874-2BFD-40D8-AE63-3281F182F1F3}"
EndProject
Project("{FAE04EC0-301F-11D3-BF4B-00C04F79EFBC}") = "IGenericRepository", "GenericDAL\IGenericRepository.csproj", "{49E8A352-0F71-4A1D-B510-C90A11F41067}"
EndProject
Project("{FAE04EC0-301F-11D3-BF4B-00C04F79EFBC}") = "GenericCore", "GenericCore\GenericCore.csproj", "{3672F4EA-F741-4A9F-B64D-C508F2F1AB66}"
EndProject
Project("{FAE04EC0-301F-11D3-BF4B-00C04F79EFBC}") = "TestModel", "TestModel\TestModel.csproj", "{AECAC81E-F33E-4E8D-BA65-1E03FED692E6}"
EndProject
Project("{FAE04EC0-301F-11D3-BF4B-00C04F79EFBC}") = "GenericRepositorySqlServer", "GenericRepositorySqlServer\GenericRepositorySqlServer.csproj", "{FC484E6F-475C-493E-9550-E6FBB46351E8}"
EndProject
Project("{FAE04EC0-301F-11D3-BF4B-00C04F79EFBC}") = "GenericRepositorySqlServerTest", "GenericRepositorySqlServerTest\GenericRepositorySqlServerTest.csproj", "{B902C716-57CE-4F16-AC18-A6C7D37D7CF2}"
EndProject
Project("{FAE04EC0-301F-11D3-BF4B-00C04F79EFBC}") = "ILogger", "ILogger\ILogger.csproj", "{034924D7-6F03-4DEA-A0FC-E224E4203027}"
EndProject
Project("{2150E333-8FDC-42A3-9474-1A3956D46DE8}") = "Logger", "Logger", "{48399B2C-2C97-42A5-A0C7-A7FE58B7203F}"
EndProject
Project("{FAE04EC0-301F-11D3-BF4B-00C04F79EFBC}") = "LoggerRepo", "LoggerRepo\LoggerRepo.csproj", "{B8E3428E-6D9D-4C4E-9379-07C679624A19}"
EndProject
Project("{2150E333-8FDC-42A3-9474-1A3956D46DE8}") = "GenericRepository", "GenericRepository", "{16EE6A6E-8EDB-406C-989F-A7E3C88E529B}"
EndProject
Project("{2150E333-8FDC-42A3-9474-1A3956D46DE8}") = "Tests", "Tests", "{A0A81C5F-CF5F-47D0-B878-DA8A45B330AD}"
EndProject
Project("{FAE04EC0-301F-11D3-BF4B-00C04F79EFBC}") = "LoggerSqlServer", "LoggerSqlServer\LoggerSqlServer.csproj", "{DE8507F3-BB3B-48E3-AE44-0DAAB09FD362}"
EndProject
Project("{2150E333-8FDC-42A3-9474-1A3956D46DE8}") = "Implementations", "Implementations", "{07DBEE15-C9E7-4B6B-B538-AF5CB960ACF9}"
EndProject
Project("{2150E333-8FDC-42A3-9474-1A3956D46DE8}") = "Implementations", "Implementations", "{A1B57DEF-BFD6-4201-B56D-94661848E6C5}"
EndProject
Project("{2150E333-8FDC-42A3-9474-1A3956D46DE8}") = "Tools", "Tools", "{54DB43B6-36EA-4511-8D82-DEEA67883AF9}"
EndProject
Project("{2150E333-8FDC-42A3-9474-1A3956D46DE8}") = "Tests", "Tests", "{B29DA373-4B96-4256-A707-1360DC1AAEF4}"
EndProject
Project("{FAE04EC0-301F-11D3-BF4B-00C04F79EFBC}") = "LoggerSqlServerTest", "LoggerSqlServerTest\LoggerSqlServerTest.csproj", "{1E258458-6265-41C6-A743-668C5496E70B}"
EndProject
Project("{2150E333-8FDC-42A3-9474-1A3956D46DE8}") = "Worker", "Worker", "{57B6E161-22EB-4BC1-8C4F-175BA970BA69}"
EndProject
Project("{FAE04EC0-301F-11D3-BF4B-00C04F79EFBC}") = "Worker", "IWorker\Worker.csproj", "{23308D84-6606-471F-AE88-8C4DD30E5A1A}"
EndProject
Project("{2150E333-8FDC-42A3-9474-1A3956D46DE8}") = "Tests", "Tests", "{B6D9D79A-9566-4218-9546-9185E3D08A89}"
EndProject
Project("{FAE04EC0-301F-11D3-BF4B-00C04F79EFBC}") = "WorkerTest", "WorkerTest\WorkerTest.csproj", "{1FCEC56F-938B-4907-A682-B2D4B6A4BCE2}"
EndProject
Project("{FAE04EC0-301F-11D3-BF4B-00C04F79EFBC}") = "LoggerText", "Logger\Implementations\ClassLibrary1\LoggerText.csproj", "{AB0D38DC-98EA-4415-956F-1FC9F9A1828C}"
EndProject
Project("{FAE04EC0-301F-11D3-BF4B-00C04F79EFBC}") = "LoggerTextTest", "LoggerTextTest\LoggerTextTest.csproj", "{15F58898-FDAB-496C-9F62-B1BFC9D5E683}"
EndProject
Project("{FAE04EC0-301F-11D3-BF4B-00C04F79EFBC}") = "GenericRepositoryXml", "GenericRepositoryXml\GenericRepositoryXml.csproj", "{6FA0A597-B2B9-496B-B00A-3288C09AB8DF}"
EndProject
Project("{FAE04EC0-301F-11D3-BF4B-00C04F79EFBC}") = "Web", "Web\Web.csproj", "{EC1BC843-B8D2-4668-A43F-7F0A8A52100F}"
EndProject
Project("{FAE04EC0-301F-11D3-BF4B-00C04F79EFBC}") = "Web.Tests", "Web.Tests\Web.Tests.csproj", "{5B26E4C6-B858-4332-9AE1-219891A9A0EC}"
EndProject
Project("{FAE04EC0-301F-11D3-BF4B-00C04F79EFBC}") = "todel", "todel\todel.csproj", "{AC534E5B-3FD6-43C6-9DE3-5EA12129C226}"
EndProject
Global
	GlobalSection(SubversionScc) = preSolution
		Svn-Managed = True
		Manager = AnkhSVN - Subversion Support for Visual Studio
	EndGlobalSection
	GlobalSection(SolutionConfigurationPlatforms) = preSolution
		Debug|Any CPU = Debug|Any CPU
		Release|Any CPU = Release|Any CPU
	EndGlobalSection
	GlobalSection(ProjectConfigurationPlatforms) = postSolution
		{406F9874-2BFD-40D8-AE63-3281F182F1F3}.Debug|Any CPU.ActiveCfg = Debug|Any CPU
		{406F9874-2BFD-40D8-AE63-3281F182F1F3}.Debug|Any CPU.Build.0 = Debug|Any CPU
		{406F9874-2BFD-40D8-AE63-3281F182F1F3}.Release|Any CPU.ActiveCfg = Release|Any CPU
		{406F9874-2BFD-40D8-AE63-3281F182F1F3}.Release|Any CPU.Build.0 = Release|Any CPU
		{49E8A352-0F71-4A1D-B510-C90A11F41067}.Debug|Any CPU.ActiveCfg = Debug|Any CPU
		{49E8A352-0F71-4A1D-B510-C90A11F41067}.Debug|Any CPU.Build.0 = Debug|Any CPU
		{49E8A352-0F71-4A1D-B510-C90A11F41067}.Release|Any CPU.ActiveCfg = Release|Any CPU
		{49E8A352-0F71-4A1D-B510-C90A11F41067}.Release|Any CPU.Build.0 = Release|Any CPU
		{3672F4EA-F741-4A9F-B64D-C508F2F1AB66}.Debug|Any CPU.ActiveCfg = Debug|Any CPU
		{3672F4EA-F741-4A9F-B64D-C508F2F1AB66}.Debug|Any CPU.Build.0 = Debug|Any CPU
		{3672F4EA-F741-4A9F-B64D-C508F2F1AB66}.Release|Any CPU.ActiveCfg = Release|Any CPU
		{3672F4EA-F741-4A9F-B64D-C508F2F1AB66}.Release|Any CPU.Build.0 = Release|Any CPU
		{AECAC81E-F33E-4E8D-BA65-1E03FED692E6}.Debug|Any CPU.ActiveCfg = Debug|Any CPU
		{AECAC81E-F33E-4E8D-BA65-1E03FED692E6}.Debug|Any CPU.Build.0 = Debug|Any CPU
		{AECAC81E-F33E-4E8D-BA65-1E03FED692E6}.Release|Any CPU.ActiveCfg = Release|Any CPU
		{AECAC81E-F33E-4E8D-BA65-1E03FED692E6}.Release|Any CPU.Build.0 = Release|Any CPU
		{FC484E6F-475C-493E-9550-E6FBB46351E8}.Debug|Any CPU.ActiveCfg = Debug|Any CPU
		{FC484E6F-475C-493E-9550-E6FBB46351E8}.Debug|Any CPU.Build.0 = Debug|Any CPU
		{FC484E6F-475C-493E-9550-E6FBB46351E8}.Release|Any CPU.ActiveCfg = Release|Any CPU
		{FC484E6F-475C-493E-9550-E6FBB46351E8}.Release|Any CPU.Build.0 = Release|Any CPU
		{B902C716-57CE-4F16-AC18-A6C7D37D7CF2}.Debug|Any CPU.ActiveCfg = Debug|Any CPU
		{B902C716-57CE-4F16-AC18-A6C7D37D7CF2}.Debug|Any CPU.Build.0 = Debug|Any CPU
		{B902C716-57CE-4F16-AC18-A6C7D37D7CF2}.Release|Any CPU.ActiveCfg = Release|Any CPU
		{B902C716-57CE-4F16-AC18-A6C7D37D7CF2}.Release|Any CPU.Build.0 = Release|Any CPU
		{034924D7-6F03-4DEA-A0FC-E224E4203027}.Debug|Any CPU.ActiveCfg = Debug|Any CPU
		{034924D7-6F03-4DEA-A0FC-E224E4203027}.Debug|Any CPU.Build.0 = Debug|Any CPU
		{034924D7-6F03-4DEA-A0FC-E224E4203027}.Release|Any CPU.ActiveCfg = Release|Any CPU
		{034924D7-6F03-4DEA-A0FC-E224E4203027}.Release|Any CPU.Build.0 = Release|Any CPU
		{B8E3428E-6D9D-4C4E-9379-07C679624A19}.Debug|Any CPU.ActiveCfg = Debug|Any CPU
		{B8E3428E-6D9D-4C4E-9379-07C679624A19}.Debug|Any CPU.Build.0 = Debug|Any CPU
		{B8E3428E-6D9D-4C4E-9379-07C679624A19}.Release|Any CPU.ActiveCfg = Release|Any CPU
		{B8E3428E-6D9D-4C4E-9379-07C679624A19}.Release|Any CPU.Build.0 = Release|Any CPU
		{DE8507F3-BB3B-48E3-AE44-0DAAB09FD362}.Debug|Any CPU.ActiveCfg = Debug|Any CPU
		{DE8507F3-BB3B-48E3-AE44-0DAAB09FD362}.Debug|Any CPU.Build.0 = Debug|Any CPU
		{DE8507F3-BB3B-48E3-AE44-0DAAB09FD362}.Release|Any CPU.ActiveCfg = Release|Any CPU
		{DE8507F3-BB3B-48E3-AE44-0DAAB09FD362}.Release|Any CPU.Build.0 = Release|Any CPU
		{1E258458-6265-41C6-A743-668C5496E70B}.Debug|Any CPU.ActiveCfg = Debug|Any CPU
		{1E258458-6265-41C6-A743-668C5496E70B}.Debug|Any CPU.Build.0 = Debug|Any CPU
		{1E258458-6265-41C6-A743-668C5496E70B}.Release|Any CPU.ActiveCfg = Release|Any CPU
		{1E258458-6265-41C6-A743-668C5496E70B}.Release|Any CPU.Build.0 = Release|Any CPU
		{23308D84-6606-471F-AE88-8C4DD30E5A1A}.Debug|Any CPU.ActiveCfg = Debug|Any CPU
		{23308D84-6606-471F-AE88-8C4DD30E5A1A}.Debug|Any CPU.Build.0 = Debug|Any CPU
		{23308D84-6606-471F-AE88-8C4DD30E5A1A}.Release|Any CPU.ActiveCfg = Release|Any CPU
		{23308D84-6606-471F-AE88-8C4DD30E5A1A}.Release|Any CPU.Build.0 = Release|Any CPU
		{1FCEC56F-938B-4907-A682-B2D4B6A4BCE2}.Debug|Any CPU.ActiveCfg = Debug|Any CPU
		{1FCEC56F-938B-4907-A682-B2D4B6A4BCE2}.Debug|Any CPU.Build.0 = Debug|Any CPU
		{1FCEC56F-938B-4907-A682-B2D4B6A4BCE2}.Release|Any CPU.ActiveCfg = Release|Any CPU
		{1FCEC56F-938B-4907-A682-B2D4B6A4BCE2}.Release|Any CPU.Build.0 = Release|Any CPU
		{AB0D38DC-98EA-4415-956F-1FC9F9A1828C}.Debug|Any CPU.ActiveCfg = Debug|Any CPU
		{AB0D38DC-98EA-4415-956F-1FC9F9A1828C}.Debug|Any CPU.Build.0 = Debug|Any CPU
		{AB0D38DC-98EA-4415-956F-1FC9F9A1828C}.Release|Any CPU.ActiveCfg = Release|Any CPU
		{AB0D38DC-98EA-4415-956F-1FC9F9A1828C}.Release|Any CPU.Build.0 = Release|Any CPU
		{15F58898-FDAB-496C-9F62-B1BFC9D5E683}.Debug|Any CPU.ActiveCfg = Debug|Any CPU
		{15F58898-FDAB-496C-9F62-B1BFC9D5E683}.Debug|Any CPU.Build.0 = Debug|Any CPU
		{15F58898-FDAB-496C-9F62-B1BFC9D5E683}.Release|Any CPU.ActiveCfg = Release|Any CPU
		{15F58898-FDAB-496C-9F62-B1BFC9D5E683}.Release|Any CPU.Build.0 = Release|Any CPU
		{6FA0A597-B2B9-496B-B00A-3288C09AB8DF}.Debug|Any CPU.ActiveCfg = Debug|Any CPU
		{6FA0A597-B2B9-496B-B00A-3288C09AB8DF}.Debug|Any CPU.Build.0 = Debug|Any CPU
		{6FA0A597-B2B9-496B-B00A-3288C09AB8DF}.Release|Any CPU.ActiveCfg = Release|Any CPU
		{6FA0A597-B2B9-496B-B00A-3288C09AB8DF}.Release|Any CPU.Build.0 = Release|Any CPU
		{EC1BC843-B8D2-4668-A43F-7F0A8A52100F}.Debug|Any CPU.ActiveCfg = Debug|Any CPU
		{EC1BC843-B8D2-4668-A43F-7F0A8A52100F}.Debug|Any CPU.Build.0 = Debug|Any CPU
		{EC1BC843-B8D2-4668-A43F-7F0A8A52100F}.Release|Any CPU.ActiveCfg = Release|Any CPU
		{EC1BC843-B8D2-4668-A43F-7F0A8A52100F}.Release|Any CPU.Build.0 = Release|Any CPU
		{5B26E4C6-B858-4332-9AE1-219891A9A0EC}.Debug|Any CPU.ActiveCfg = Debug|Any CPU
		{5B26E4C6-B858-4332-9AE1-219891A9A0EC}.Debug|Any CPU.Build.0 = Debug|Any CPU
		{5B26E4C6-B858-4332-9AE1-219891A9A0EC}.Release|Any CPU.ActiveCfg = Release|Any CPU
		{5B26E4C6-B858-4332-9AE1-219891A9A0EC}.Release|Any CPU.Build.0 = Release|Any CPU
		{AC534E5B-3FD6-43C6-9DE3-5EA12129C226}.Debug|Any CPU.ActiveCfg = Debug|Any CPU
		{AC534E5B-3FD6-43C6-9DE3-5EA12129C226}.Debug|Any CPU.Build.0 = Debug|Any CPU
		{AC534E5B-3FD6-43C6-9DE3-5EA12129C226}.Release|Any CPU.ActiveCfg = Release|Any CPU
		{AC534E5B-3FD6-43C6-9DE3-5EA12129C226}.Release|Any CPU.Build.0 = Release|Any CPU
	EndGlobalSection
	GlobalSection(SolutionProperties) = preSolution
		HideSolutionNode = FALSE
	EndGlobalSection
	GlobalSection(NestedProjects) = preSolution
		{49E8A352-0F71-4A1D-B510-C90A11F41067} = {16EE6A6E-8EDB-406C-989F-A7E3C88E529B}
		{AECAC81E-F33E-4E8D-BA65-1E03FED692E6} = {A0A81C5F-CF5F-47D0-B878-DA8A45B330AD}
		{FC484E6F-475C-493E-9550-E6FBB46351E8} = {07DBEE15-C9E7-4B6B-B538-AF5CB960ACF9}
		{B902C716-57CE-4F16-AC18-A6C7D37D7CF2} = {A0A81C5F-CF5F-47D0-B878-DA8A45B330AD}
		{034924D7-6F03-4DEA-A0FC-E224E4203027} = {48399B2C-2C97-42A5-A0C7-A7FE58B7203F}
		{B8E3428E-6D9D-4C4E-9379-07C679624A19} = {54DB43B6-36EA-4511-8D82-DEEA67883AF9}
		{A0A81C5F-CF5F-47D0-B878-DA8A45B330AD} = {16EE6A6E-8EDB-406C-989F-A7E3C88E529B}
		{DE8507F3-BB3B-48E3-AE44-0DAAB09FD362} = {A1B57DEF-BFD6-4201-B56D-94661848E6C5}
		{07DBEE15-C9E7-4B6B-B538-AF5CB960ACF9} = {16EE6A6E-8EDB-406C-989F-A7E3C88E529B}
		{A1B57DEF-BFD6-4201-B56D-94661848E6C5} = {48399B2C-2C97-42A5-A0C7-A7FE58B7203F}
		{54DB43B6-36EA-4511-8D82-DEEA67883AF9} = {48399B2C-2C97-42A5-A0C7-A7FE58B7203F}
		{B29DA373-4B96-4256-A707-1360DC1AAEF4} = {48399B2C-2C97-42A5-A0C7-A7FE58B7203F}
		{1E258458-6265-41C6-A743-668C5496E70B} = {B29DA373-4B96-4256-A707-1360DC1AAEF4}
		{23308D84-6606-471F-AE88-8C4DD30E5A1A} = {57B6E161-22EB-4BC1-8C4F-175BA970BA69}
		{B6D9D79A-9566-4218-9546-9185E3D08A89} = {57B6E161-22EB-4BC1-8C4F-175BA970BA69}
		{1FCEC56F-938B-4907-A682-B2D4B6A4BCE2} = {B6D9D79A-9566-4218-9546-9185E3D08A89}
		{AB0D38DC-98EA-4415-956F-1FC9F9A1828C} = {A1B57DEF-BFD6-4201-B56D-94661848E6C5}
		{15F58898-FDAB-496C-9F62-B1BFC9D5E683} = {B29DA373-4B96-4256-A707-1360DC1AAEF4}
		{6FA0A597-B2B9-496B-B00A-3288C09AB8DF} = {07DBEE15-C9E7-4B6B-B538-AF5CB960ACF9}
	EndGlobalSection
EndGlobal
